
Microsoft Visual Studio Solution File, Format Version 12.00
# Visual Studio 2013
VisualStudioVersion = 12.0.21005.1
MinimumVisualStudioVersion = 10.0.40219.1
Project("{FAE04EC0-301F-11D3-BF4B-00C04F79EFBC}") = "RxRequestResponse", "RxRequestResponse\RxRequestResponse.csproj", "{35901F3E-5AD0-4D06-A4CB-FDE67D6F7358}"
EndProject
Project("{FAE04EC0-301F-11D3-BF4B-00C04F79EFBC}") = "RxRequestResponseTests", "RxRequestResponseTests\RxRequestResponseTests.csproj", "{C6347EA3-0303-4202-AC80-06EC634CCA1D}"
EndProject
Global
	GlobalSection(SolutionConfigurationPlatforms) = preSolution
		Debug|Any CPU = Debug|Any CPU
		Release|Any CPU = Release|Any CPU
	EndGlobalSection
	GlobalSection(ProjectConfigurationPlatforms) = postSolution
		{35901F3E-5AD0-4D06-A4CB-FDE67D6F7358}.Debug|Any CPU.ActiveCfg = Debug|Any CPU
		{35901F3E-5AD0-4D06-A4CB-FDE67D6F7358}.Debug|Any CPU.Build.0 = Debug|Any CPU
		{35901F3E-5AD0-4D06-A4CB-FDE67D6F7358}.Release|Any CPU.ActiveCfg = Release|Any CPU
		{35901F3E-5AD0-4D06-A4CB-FDE67D6F7358}.Release|Any CPU.Build.0 = Release|Any CPU
		{C6347EA3-0303-4202-AC80-06EC634CCA1D}.Debug|Any CPU.ActiveCfg = Debug|Any CPU
		{C6347EA3-0303-4202-AC80-06EC634CCA1D}.Debug|Any CPU.Build.0 = Debug|Any CPU
		{C6347EA3-0303-4202-AC80-06EC634CCA1D}.Release|Any CPU.ActiveCfg = Release|Any CPU
		{C6347EA3-0303-4202-AC80-06EC634CCA1D}.Release|Any CPU.Build.0 = Release|Any CPU
	EndGlobalSection
	GlobalSection(SolutionProperties) = preSolution
		HideSolutionNode = FALSE
	EndGlobalSection
EndGlobal
